
Microsoft Visual Studio Solution File, Format Version 12.00
# Visual Studio Version 17
VisualStudioVersion = 17.0.31903.59
MinimumVisualStudioVersion = 10.0.40219.1
Project("{FAE04EC0-301F-11D3-BF4B-00C04F79EFBC}") = "ShardingCoreMultiTenantSys", "ShardingCoreMultiTenantSys\ShardingCoreMultiTenantSys.csproj", "{13ADBD03-1AA9-4106-9BDD-8E687D7B719F}"
EndProject
Global
	GlobalSection(SolutionConfigurationPlatforms) = preSolution
		Debug|Any CPU = Debug|Any CPU
		Release|Any CPU = Release|Any CPU
	EndGlobalSection
	GlobalSection(ProjectConfigurationPlatforms) = postSolution
		{13ADBD03-1AA9-4106-9BDD-8E687D7B719F}.Debug|Any CPU.ActiveCfg = Debug|Any CPU
		{13ADBD03-1AA9-4106-9BDD-8E687D7B719F}.Debug|Any CPU.Build.0 = Debug|Any CPU
		{13ADBD03-1AA9-4106-9BDD-8E687D7B719F}.Release|Any CPU.ActiveCfg = Release|Any CPU
		{13ADBD03-1AA9-4106-9BDD-8E687D7B719F}.Release|Any CPU.Build.0 = Release|Any CPU
	EndGlobalSection
	GlobalSection(SolutionProperties) = preSolution
		HideSolutionNode = FALSE
	EndGlobalSection
	GlobalSection(ExtensibilityGlobals) = postSolution
		SolutionGuid = {7BF2242D-18C4-42E7-8D2C-D54E6D51B0B7}
	EndGlobalSection
EndGlobal
